{
  "name": "github-actions",
  "version": "1.0.0",
  "lockfileVersion": 2,
  "requires": true,
  "packages": {
    "": {
      "name": "github-actions",
      "version": "1.0.0",
      "license": "ISC",
      "dependencies": {
        "bower": "^1.8.14",
        "lodash": "^4.17.21"
      },
      "devDependencies": {}
    },
    "node_modules/bower": {
      "version": "1.8.14",
      "resolved": "https://registry.npmjs.org/bower/-/bower-1.8.14.tgz",
      "integrity": "sha512-8Rq058FD91q9Nwthyhw0la9fzpBz0iwZTrt51LWl+w+PnJgZk9J+5wp3nibsJcIUPglMYXr4NRBaR+TUj0OkBQ==",
      "bin": {
        "bower": "bin/bower"
      },
      "engines": {
        "node": ">=0.10.0"
      }
    },
    "node_modules/lodash": {
      "version": "4.17.21",
      "resolved": "https://registry.npmjs.org/lodash/-/lodash-4.17.21.tgz",
      "integrity": "sha512-v2kDEe57lecTulaDIuNTPy3Ry4gLGJ6Z1O3vE1krgXZNrsQ+LFTGHVxVjcXPs17LhbZVGedAJv8XZ1tvj5FvSg=="
    }
  },
  "dependencies": {
    "bower": {
      "version": "1.8.14",
      "resolved": "https://registry.npmjs.org/bower/-/bower-1.8.14.tgz",
      "integrity": "sha512-8Rq058FD91q9Nwthyhw0la9fzpBz0iwZTrt51LWl+w+PnJgZk9J+5wp3nibsJcIUPglMYXr4NRBaR+TUj0OkBQ=="
    },
    "lodash": {
      "version": "4.17.21",
      "resolved": "https://registry.npmjs.org/lodash/-/lodash-4.17.21.tgz",
      "integrity": "sha512-v2kDEe57lecTulaDIuNTPy3Ry4gLGJ6Z1O3vE1krgXZNrsQ+LFTGHVxVjcXPs17LhbZVGedAJv8XZ1tvj5FvSg=="
    }
  }
}
